
Microsoft Visual Studio Solution File, Format Version 12.00
# Visual Studio 15
VisualStudioVersion = 15.0.28010.0
MinimumVisualStudioVersion = 10.0.40219.1
Project("{FAE04EC0-301F-11D3-BF4B-00C04F79EFBC}") = "HelloWold", "HelloWold\HelloWold.csproj", "{5FB9C056-E16F-47A0-828E-0A5ACFB4CBE3}"
EndProject
Global
	GlobalSection(SolutionConfigurationPlatforms) = preSolution
		Debug|Any CPU = Debug|Any CPU
		Release|Any CPU = Release|Any CPU
	EndGlobalSection
	GlobalSection(ProjectConfigurationPlatforms) = postSolution
		{5FB9C056-E16F-47A0-828E-0A5ACFB4CBE3}.Debug|Any CPU.ActiveCfg = Debug|Any CPU
		{5FB9C056-E16F-47A0-828E-0A5ACFB4CBE3}.Debug|Any CPU.Build.0 = Debug|Any CPU
		{5FB9C056-E16F-47A0-828E-0A5ACFB4CBE3}.Release|Any CPU.ActiveCfg = Release|Any CPU
		{5FB9C056-E16F-47A0-828E-0A5ACFB4CBE3}.Release|Any CPU.Build.0 = Release|Any CPU
	EndGlobalSection
	GlobalSection(SolutionProperties) = preSolution
		HideSolutionNode = FALSE
	EndGlobalSection
	GlobalSection(ExtensibilityGlobals) = postSolution
		SolutionGuid = {9BB4F6C7-66CB-49D8-9438-D5CC0ADE4026}
	EndGlobalSection
EndGlobal
